
Microsoft Visual Studio Solution File, Format Version 12.00
# Visual Studio Version 17
VisualStudioVersion = 17.9.34607.119
MinimumVisualStudioVersion = 10.0.40219.1
Project("{9A19103F-16F7-4668-BE54-9A1E7A4F7556}") = "GestorTareas", "GestorTareas.csproj", "{D95A3EE8-73CD-4685-81F2-CDFDBFA3DDA0}"
EndProject
Global
	GlobalSection(SolutionConfigurationPlatforms) = preSolution
		Debug|Any CPU = Debug|Any CPU
		Release|Any CPU = Release|Any CPU
	EndGlobalSection
	GlobalSection(ProjectConfigurationPlatforms) = postSolution
		{D95A3EE8-73CD-4685-81F2-CDFDBFA3DDA0}.Debug|Any CPU.ActiveCfg = Debug|Any CPU
		{D95A3EE8-73CD-4685-81F2-CDFDBFA3DDA0}.Debug|Any CPU.Build.0 = Debug|Any CPU
		{D95A3EE8-73CD-4685-81F2-CDFDBFA3DDA0}.Release|Any CPU.ActiveCfg = Release|Any CPU
		{D95A3EE8-73CD-4685-81F2-CDFDBFA3DDA0}.Release|Any CPU.Build.0 = Release|Any CPU
	EndGlobalSection
	GlobalSection(SolutionProperties) = preSolution
		HideSolutionNode = FALSE
	EndGlobalSection
	GlobalSection(ExtensibilityGlobals) = postSolution
		SolutionGuid = {580A67D0-0B1B-4D57-B8B9-B70EC6B72A9B}
	EndGlobalSection
EndGlobal
